// !$*UTF8*$!
{
	archiveVersion = 1;
	classes = {
	};
	objectVersion = 55;
	objects = {

/* Begin PBXBuildFile section */
		6FFB6391C18D03BDD1B39D73 /* Pods_Czechgram.framework in Frameworks */ = {isa = PBXBuildFile; fileRef = 7B8395B4FD5F0B8CBFCD1C25 /* Pods_Czechgram.framework */; };
		B37747DB287BBA0200E2599B /* HomeViewController.swift in Sources */ = {isa = PBXBuildFile; fileRef = B37747DA287BBA0200E2599B /* HomeViewController.swift */; };
		B37747DD287BBCC800E2599B /* HomeNavigationTitleView.swift in Sources */ = {isa = PBXBuildFile; fileRef = B37747DC287BBCC800E2599B /* HomeNavigationTitleView.swift */; };
		B37747DF287BED7D00E2599B /* ProfileView.swift in Sources */ = {isa = PBXBuildFile; fileRef = B37747DE287BED7C00E2599B /* ProfileView.swift */; };
		B37747E1287C146000E2599B /* PostCell.swift in Sources */ = {isa = PBXBuildFile; fileRef = B37747E0287C146000E2599B /* PostCell.swift */; };
		B3AD44212887F7BA00A9B59E /* MediaUrlDTO.swift in Sources */ = {isa = PBXBuildFile; fileRef = B3AD44202887F7BA00A9B59E /* MediaUrlDTO.swift */; };
		B3F115BF2888F7A1001B498C /* ImageCacheService.swift in Sources */ = {isa = PBXBuildFile; fileRef = B3F115BE2888F7A1001B498C /* ImageCacheService.swift */; };
		B3F115C12888F7D1001B498C /* FileCachedService.swift in Sources */ = {isa = PBXBuildFile; fileRef = B3F115C02888F7D1001B498C /* FileCachedService.swift */; };
		B3F149AD287AB6AD0072DA45 /* AppDelegate.swift in Sources */ = {isa = PBXBuildFile; fileRef = B3F149AC287AB6AD0072DA45 /* AppDelegate.swift */; };
		B3F149AF287AB6AD0072DA45 /* SceneDelegate.swift in Sources */ = {isa = PBXBuildFile; fileRef = B3F149AE287AB6AD0072DA45 /* SceneDelegate.swift */; };
		B3F149B1287AB6AD0072DA45 /* DetailViewController.swift in Sources */ = {isa = PBXBuildFile; fileRef = B3F149B0287AB6AD0072DA45 /* DetailViewController.swift */; };
		B3F149B6287AB6B60072DA45 /* Assets.xcassets in Resources */ = {isa = PBXBuildFile; fileRef = B3F149B5287AB6B60072DA45 /* Assets.xcassets */; };
		B3F149B9287AB6B60072DA45 /* LaunchScreen.storyboard in Resources */ = {isa = PBXBuildFile; fileRef = B3F149B7287AB6B60072DA45 /* LaunchScreen.storyboard */; };
		B3F149C2287AB8930072DA45 /* .swiftlint.yml in Resources */ = {isa = PBXBuildFile; fileRef = B3F149C1287AB8930072DA45 /* .swiftlint.yml */; };
		B3F23FEB287D607E00E06E85 /* Endpoint.swift in Sources */ = {isa = PBXBuildFile; fileRef = B3F23FEA287D607E00E06E85 /* Endpoint.swift */; };
		B3F23FED287D609200E06E85 /* Endpontable.swift in Sources */ = {isa = PBXBuildFile; fileRef = B3F23FEC287D609200E06E85 /* Endpontable.swift */; };
		B3F23FEF287D622800E06E85 /* HTTPMethod.swift in Sources */ = {isa = PBXBuildFile; fileRef = B3F23FEE287D622800E06E85 /* HTTPMethod.swift */; };
		D2025156288F890400A279D5 /* ViewMainPageRepository.swift in Sources */ = {isa = PBXBuildFile; fileRef = D2025154288F890400A279D5 /* ViewMainPageRepository.swift */; };
		D2025157288F890400A279D5 /* ViewDetailPageRepository.swift in Sources */ = {isa = PBXBuildFile; fileRef = D2025155288F890400A279D5 /* ViewDetailPageRepository.swift */; };
		D24B348E2886A25D00F8243F /* OAuthLoginUsecase.swift in Sources */ = {isa = PBXBuildFile; fileRef = D24B348D2886A25D00F8243F /* OAuthLoginUsecase.swift */; };
		D24B34902886A2F200F8243F /* InstagramLoginUsecase.swift in Sources */ = {isa = PBXBuildFile; fileRef = D24B348F2886A2F200F8243F /* InstagramLoginUsecase.swift */; };
		D2525A282887D2D100078D1C /* UserPageDTO.swift in Sources */ = {isa = PBXBuildFile; fileRef = D2525A272887D2D100078D1C /* UserPageDTO.swift */; };
		D2525A2A2887D3A400078D1C /* MediaDTO.swift in Sources */ = {isa = PBXBuildFile; fileRef = D2525A292887D3A400078D1C /* MediaDTO.swift */; };
		D2525A2C2887D3EC00078D1C /* MediaPagingDTO.swift in Sources */ = {isa = PBXBuildFile; fileRef = D2525A2B2887D3EC00078D1C /* MediaPagingDTO.swift */; };
		D2525A2F2887DBC700078D1C /* HomeViewModel.swift in Sources */ = {isa = PBXBuildFile; fileRef = D2525A2E2887DBC700078D1C /* HomeViewModel.swift */; };
		D2525A312887DC0F00078D1C /* ViewMainPageUsecase.swift in Sources */ = {isa = PBXBuildFile; fileRef = D2525A302887DC0F00078D1C /* ViewMainPageUsecase.swift */; };
		D2525A332887DC3800078D1C /* ViewDefaultMainPageUsecase.swift in Sources */ = {isa = PBXBuildFile; fileRef = D2525A322887DC3800078D1C /* ViewDefaultMainPageUsecase.swift */; };
		D2525A392887DCB400078D1C /* ViewDefaultMainPageRepository.swift in Sources */ = {isa = PBXBuildFile; fileRef = D2525A382887DCB400078D1C /* ViewDefaultMainPageRepository.swift */; };
		D2525A3B2887DE6100078D1C /* JSONConverter.swift in Sources */ = {isa = PBXBuildFile; fileRef = D2525A3A2887DE6100078D1C /* JSONConverter.swift */; };
		D2525A3E2887E4C100078D1C /* UserPageEntity.swift in Sources */ = {isa = PBXBuildFile; fileRef = D2525A3D2887E4C100078D1C /* UserPageEntity.swift */; };
		D2525A402887E50A00078D1C /* MediaEntity.swift in Sources */ = {isa = PBXBuildFile; fileRef = D2525A3F2887E50A00078D1C /* MediaEntity.swift */; };
		D2525A422887E7E600078D1C /* MediaImageEntity.swift in Sources */ = {isa = PBXBuildFile; fileRef = D2525A412887E7E600078D1C /* MediaImageEntity.swift */; };
		D2525A45288E668500078D1C /* DetailViewModel.swift in Sources */ = {isa = PBXBuildFile; fileRef = D2525A44288E668500078D1C /* DetailViewModel.swift */; };
		D2525A49288E702C00078D1C /* ViewDetailPageUsecase.swift in Sources */ = {isa = PBXBuildFile; fileRef = D2525A48288E702C00078D1C /* ViewDetailPageUsecase.swift */; };
		D2525A4B288E70E800078D1C /* ViewDefaultDetailPageUsecase.swift in Sources */ = {isa = PBXBuildFile; fileRef = D2525A4A288E70E800078D1C /* ViewDefaultDetailPageUsecase.swift */; };
		D2525A4F288E72E500078D1C /* ViewDefaultDetailPageRepository.swift in Sources */ = {isa = PBXBuildFile; fileRef = D2525A4E288E72E500078D1C /* ViewDefaultDetailPageRepository.swift */; };
		D2623523287BC06B002F0610 /* DetailProfileSection.swift in Sources */ = {isa = PBXBuildFile; fileRef = D2623522287BC06B002F0610 /* DetailProfileSection.swift */; };
		D2623525287BD0D4002F0610 /* DetailCollectionViewCell.swift in Sources */ = {isa = PBXBuildFile; fileRef = D2623524287BD0D4002F0610 /* DetailCollectionViewCell.swift */; };
		D2623527287BF572002F0610 /* CollectionViewDatasource.swift in Sources */ = {isa = PBXBuildFile; fileRef = D2623526287BF572002F0610 /* CollectionViewDatasource.swift */; };
		D262352B287C0203002F0610 /* DetailButtonSection.swift in Sources */ = {isa = PBXBuildFile; fileRef = D262352A287C0203002F0610 /* DetailButtonSection.swift */; };
		D262352D287C03DC002F0610 /* UIView +.swift in Sources */ = {isa = PBXBuildFile; fileRef = D262352C287C03DC002F0610 /* UIView +.swift */; };
		D262352F287C0D71002F0610 /* DetailDescriptionSection.swift in Sources */ = {isa = PBXBuildFile; fileRef = D262352E287C0D71002F0610 /* DetailDescriptionSection.swift */; };
		D2623533287C1959002F0610 /* DetailView.swift in Sources */ = {isa = PBXBuildFile; fileRef = D2623532287C1959002F0610 /* DetailView.swift */; };
		D262353E287D17DA002F0610 /* UIStackView +.swift in Sources */ = {isa = PBXBuildFile; fileRef = D262353D287D17DA002F0610 /* UIStackView +.swift */; };
		D2623541287D6049002F0610 /* LoginViewController.swift in Sources */ = {isa = PBXBuildFile; fileRef = D2623540287D6049002F0610 /* LoginViewController.swift */; };
		D2623544287D6DCC002F0610 /* LoginViewModel.swift in Sources */ = {isa = PBXBuildFile; fileRef = D2623543287D6DCC002F0610 /* LoginViewModel.swift */; };
		D262354B287D7B02002F0610 /* NetworkService.swift in Sources */ = {isa = PBXBuildFile; fileRef = D262354A287D7B02002F0610 /* NetworkService.swift */; };
		D262354D287D7DF0002F0610 /* NetworkError.swift in Sources */ = {isa = PBXBuildFile; fileRef = D262354C287D7DF0002F0610 /* NetworkError.swift */; };
		D2623552287D8183002F0610 /* NetworkServiceable.swift in Sources */ = {isa = PBXBuildFile; fileRef = D2623551287D8183002F0610 /* NetworkServiceable.swift */; };
		D262355A287E97F0002F0610 /* Observable.swift in Sources */ = {isa = PBXBuildFile; fileRef = D2623559287E97F0002F0610 /* Observable.swift */; };
/* End PBXBuildFile section */

/* Begin PBXFileReference section */
		2C1CA1BA3CAEE782D8C6E777 /* Pods-Czechgram.debug.xcconfig */ = {isa = PBXFileReference; includeInIndex = 1; lastKnownFileType = text.xcconfig; name = "Pods-Czechgram.debug.xcconfig"; path = "Target Support Files/Pods-Czechgram/Pods-Czechgram.debug.xcconfig"; sourceTree = "<group>"; };
		7B8395B4FD5F0B8CBFCD1C25 /* Pods_Czechgram.framework */ = {isa = PBXFileReference; explicitFileType = wrapper.framework; includeInIndex = 0; path = Pods_Czechgram.framework; sourceTree = BUILT_PRODUCTS_DIR; };
		B37747DA287BBA0200E2599B /* HomeViewController.swift */ = {isa = PBXFileReference; lastKnownFileType = sourcecode.swift; path = HomeViewController.swift; sourceTree = "<group>"; };
		B37747DC287BBCC800E2599B /* HomeNavigationTitleView.swift */ = {isa = PBXFileReference; lastKnownFileType = sourcecode.swift; path = HomeNavigationTitleView.swift; sourceTree = "<group>"; };
		B37747DE287BED7C00E2599B /* ProfileView.swift */ = {isa = PBXFileReference; lastKnownFileType = sourcecode.swift; path = ProfileView.swift; sourceTree = "<group>"; };
		B37747E0287C146000E2599B /* PostCell.swift */ = {isa = PBXFileReference; lastKnownFileType = sourcecode.swift; path = PostCell.swift; sourceTree = "<group>"; };
		B3AD44202887F7BA00A9B59E /* MediaUrlDTO.swift */ = {isa = PBXFileReference; lastKnownFileType = sourcecode.swift; path = MediaUrlDTO.swift; sourceTree = "<group>"; };
		B3F115BE2888F7A1001B498C /* ImageCacheService.swift */ = {isa = PBXFileReference; lastKnownFileType = sourcecode.swift; path = ImageCacheService.swift; sourceTree = "<group>"; };
		B3F115C02888F7D1001B498C /* FileCachedService.swift */ = {isa = PBXFileReference; lastKnownFileType = sourcecode.swift; path = FileCachedService.swift; sourceTree = "<group>"; };
		B3F149A9287AB6AD0072DA45 /* Czechgram.app */ = {isa = PBXFileReference; explicitFileType = wrapper.application; includeInIndex = 0; path = Czechgram.app; sourceTree = BUILT_PRODUCTS_DIR; };
		B3F149AC287AB6AD0072DA45 /* AppDelegate.swift */ = {isa = PBXFileReference; lastKnownFileType = sourcecode.swift; path = AppDelegate.swift; sourceTree = "<group>"; };
		B3F149AE287AB6AD0072DA45 /* SceneDelegate.swift */ = {isa = PBXFileReference; lastKnownFileType = sourcecode.swift; path = SceneDelegate.swift; sourceTree = "<group>"; };
		B3F149B0287AB6AD0072DA45 /* DetailViewController.swift */ = {isa = PBXFileReference; lastKnownFileType = sourcecode.swift; path = DetailViewController.swift; sourceTree = "<group>"; };
		B3F149B5287AB6B60072DA45 /* Assets.xcassets */ = {isa = PBXFileReference; lastKnownFileType = folder.assetcatalog; path = Assets.xcassets; sourceTree = "<group>"; };
		B3F149B8287AB6B60072DA45 /* Base */ = {isa = PBXFileReference; lastKnownFileType = file.storyboard; name = Base; path = Base.lproj/LaunchScreen.storyboard; sourceTree = "<group>"; };
		B3F149BA287AB6B60072DA45 /* Info.plist */ = {isa = PBXFileReference; lastKnownFileType = text.plist.xml; path = Info.plist; sourceTree = "<group>"; };
		B3F149C1287AB8930072DA45 /* .swiftlint.yml */ = {isa = PBXFileReference; lastKnownFileType = text.yaml; path = .swiftlint.yml; sourceTree = "<group>"; };
		B3F23FEA287D607E00E06E85 /* Endpoint.swift */ = {isa = PBXFileReference; lastKnownFileType = sourcecode.swift; path = Endpoint.swift; sourceTree = "<group>"; };
		B3F23FEC287D609200E06E85 /* Endpontable.swift */ = {isa = PBXFileReference; lastKnownFileType = sourcecode.swift; path = Endpontable.swift; sourceTree = "<group>"; };
		B3F23FEE287D622800E06E85 /* HTTPMethod.swift */ = {isa = PBXFileReference; lastKnownFileType = sourcecode.swift; path = HTTPMethod.swift; sourceTree = "<group>"; };
		D2025154288F890400A279D5 /* ViewMainPageRepository.swift */ = {isa = PBXFileReference; fileEncoding = 4; lastKnownFileType = sourcecode.swift; path = ViewMainPageRepository.swift; sourceTree = "<group>"; };
		D2025155288F890400A279D5 /* ViewDetailPageRepository.swift */ = {isa = PBXFileReference; fileEncoding = 4; lastKnownFileType = sourcecode.swift; path = ViewDetailPageRepository.swift; sourceTree = "<group>"; };
		D24B348D2886A25D00F8243F /* OAuthLoginUsecase.swift */ = {isa = PBXFileReference; lastKnownFileType = sourcecode.swift; path = OAuthLoginUsecase.swift; sourceTree = "<group>"; };
		D24B348F2886A2F200F8243F /* InstagramLoginUsecase.swift */ = {isa = PBXFileReference; lastKnownFileType = sourcecode.swift; path = InstagramLoginUsecase.swift; sourceTree = "<group>"; };
		D2525A272887D2D100078D1C /* UserPageDTO.swift */ = {isa = PBXFileReference; lastKnownFileType = sourcecode.swift; path = UserPageDTO.swift; sourceTree = "<group>"; };
		D2525A292887D3A400078D1C /* MediaDTO.swift */ = {isa = PBXFileReference; lastKnownFileType = sourcecode.swift; path = MediaDTO.swift; sourceTree = "<group>"; };
		D2525A2B2887D3EC00078D1C /* MediaPagingDTO.swift */ = {isa = PBXFileReference; lastKnownFileType = sourcecode.swift; path = MediaPagingDTO.swift; sourceTree = "<group>"; };
		D2525A2E2887DBC700078D1C /* HomeViewModel.swift */ = {isa = PBXFileReference; lastKnownFileType = sourcecode.swift; path = HomeViewModel.swift; sourceTree = "<group>"; };
		D2525A302887DC0F00078D1C /* ViewMainPageUsecase.swift */ = {isa = PBXFileReference; lastKnownFileType = sourcecode.swift; path = ViewMainPageUsecase.swift; sourceTree = "<group>"; };
		D2525A322887DC3800078D1C /* ViewDefaultMainPageUsecase.swift */ = {isa = PBXFileReference; lastKnownFileType = sourcecode.swift; path = ViewDefaultMainPageUsecase.swift; sourceTree = "<group>"; };
		D2525A382887DCB400078D1C /* ViewDefaultMainPageRepository.swift */ = {isa = PBXFileReference; lastKnownFileType = sourcecode.swift; path = ViewDefaultMainPageRepository.swift; sourceTree = "<group>"; };
		D2525A3A2887DE6100078D1C /* JSONConverter.swift */ = {isa = PBXFileReference; lastKnownFileType = sourcecode.swift; path = JSONConverter.swift; sourceTree = "<group>"; };
		D2525A3D2887E4C100078D1C /* UserPageEntity.swift */ = {isa = PBXFileReference; lastKnownFileType = sourcecode.swift; path = UserPageEntity.swift; sourceTree = "<group>"; };
		D2525A3F2887E50A00078D1C /* MediaEntity.swift */ = {isa = PBXFileReference; lastKnownFileType = sourcecode.swift; path = MediaEntity.swift; sourceTree = "<group>"; };
		D2525A412887E7E600078D1C /* MediaImageEntity.swift */ = {isa = PBXFileReference; lastKnownFileType = sourcecode.swift; path = MediaImageEntity.swift; sourceTree = "<group>"; };
		D2525A44288E668500078D1C /* DetailViewModel.swift */ = {isa = PBXFileReference; lastKnownFileType = sourcecode.swift; path = DetailViewModel.swift; sourceTree = "<group>"; };
		D2525A48288E702C00078D1C /* ViewDetailPageUsecase.swift */ = {isa = PBXFileReference; lastKnownFileType = sourcecode.swift; path = ViewDetailPageUsecase.swift; sourceTree = "<group>"; };
		D2525A4A288E70E800078D1C /* ViewDefaultDetailPageUsecase.swift */ = {isa = PBXFileReference; lastKnownFileType = sourcecode.swift; path = ViewDefaultDetailPageUsecase.swift; sourceTree = "<group>"; };
		D2525A4E288E72E500078D1C /* ViewDefaultDetailPageRepository.swift */ = {isa = PBXFileReference; lastKnownFileType = sourcecode.swift; path = ViewDefaultDetailPageRepository.swift; sourceTree = "<group>"; };
		D2623522287BC06B002F0610 /* DetailProfileSection.swift */ = {isa = PBXFileReference; lastKnownFileType = sourcecode.swift; path = DetailProfileSection.swift; sourceTree = "<group>"; };
		D2623524287BD0D4002F0610 /* DetailCollectionViewCell.swift */ = {isa = PBXFileReference; lastKnownFileType = sourcecode.swift; path = DetailCollectionViewCell.swift; sourceTree = "<group>"; };
		D2623526287BF572002F0610 /* CollectionViewDatasource.swift */ = {isa = PBXFileReference; lastKnownFileType = sourcecode.swift; path = CollectionViewDatasource.swift; sourceTree = "<group>"; };
		D262352A287C0203002F0610 /* DetailButtonSection.swift */ = {isa = PBXFileReference; lastKnownFileType = sourcecode.swift; path = DetailButtonSection.swift; sourceTree = "<group>"; };
		D262352C287C03DC002F0610 /* UIView +.swift */ = {isa = PBXFileReference; lastKnownFileType = sourcecode.swift; path = "UIView +.swift"; sourceTree = "<group>"; };
		D262352E287C0D71002F0610 /* DetailDescriptionSection.swift */ = {isa = PBXFileReference; lastKnownFileType = sourcecode.swift; path = DetailDescriptionSection.swift; sourceTree = "<group>"; };
		D2623532287C1959002F0610 /* DetailView.swift */ = {isa = PBXFileReference; lastKnownFileType = sourcecode.swift; path = DetailView.swift; sourceTree = "<group>"; };
		D262353D287D17DA002F0610 /* UIStackView +.swift */ = {isa = PBXFileReference; lastKnownFileType = sourcecode.swift; path = "UIStackView +.swift"; sourceTree = "<group>"; };
		D2623540287D6049002F0610 /* LoginViewController.swift */ = {isa = PBXFileReference; lastKnownFileType = sourcecode.swift; path = LoginViewController.swift; sourceTree = "<group>"; };
		D2623543287D6DCC002F0610 /* LoginViewModel.swift */ = {isa = PBXFileReference; lastKnownFileType = sourcecode.swift; path = LoginViewModel.swift; sourceTree = "<group>"; };
		D262354A287D7B02002F0610 /* NetworkService.swift */ = {isa = PBXFileReference; lastKnownFileType = sourcecode.swift; path = NetworkService.swift; sourceTree = "<group>"; };
		D262354C287D7DF0002F0610 /* NetworkError.swift */ = {isa = PBXFileReference; lastKnownFileType = sourcecode.swift; path = NetworkError.swift; sourceTree = "<group>"; };
		D2623551287D8183002F0610 /* NetworkServiceable.swift */ = {isa = PBXFileReference; fileEncoding = 4; lastKnownFileType = sourcecode.swift; path = NetworkServiceable.swift; sourceTree = "<group>"; };
		D2623559287E97F0002F0610 /* Observable.swift */ = {isa = PBXFileReference; lastKnownFileType = sourcecode.swift; path = Observable.swift; sourceTree = "<group>"; };
		D4D04BDAB99B9DD95911428E /* Pods-Czechgram.release.xcconfig */ = {isa = PBXFileReference; includeInIndex = 1; lastKnownFileType = text.xcconfig; name = "Pods-Czechgram.release.xcconfig"; path = "Target Support Files/Pods-Czechgram/Pods-Czechgram.release.xcconfig"; sourceTree = "<group>"; };
/* End PBXFileReference section */

/* Begin PBXFrameworksBuildPhase section */
		B3F149A6287AB6AD0072DA45 /* Frameworks */ = {
			isa = PBXFrameworksBuildPhase;
			buildActionMask = 2147483647;
			files = (
				6FFB6391C18D03BDD1B39D73 /* Pods_Czechgram.framework in Frameworks */,
			);
			runOnlyForDeploymentPostprocessing = 0;
		};
/* End PBXFrameworksBuildPhase section */

/* Begin PBXGroup section */
		0F6A4A5FE1EABF53BA93125F /* Pods */ = {
			isa = PBXGroup;
			children = (
				2C1CA1BA3CAEE782D8C6E777 /* Pods-Czechgram.debug.xcconfig */,
				D4D04BDAB99B9DD95911428E /* Pods-Czechgram.release.xcconfig */,
			);
			path = Pods;
			sourceTree = "<group>";
		};
		1B3070B9D19A0FE84153FE49 /* Frameworks */ = {
			isa = PBXGroup;
			children = (
				7B8395B4FD5F0B8CBFCD1C25 /* Pods_Czechgram.framework */,
			);
			name = Frameworks;
			sourceTree = "<group>";
		};
		B3AD441E2887F15F00A9B59E /* HomeUsecase */ = {
			isa = PBXGroup;
			children = (
				D2525A322887DC3800078D1C /* ViewDefaultMainPageUsecase.swift */,
				B3AD441F2887F17E00A9B59E /* Protocol */,
			);
			path = HomeUsecase;
			sourceTree = "<group>";
		};
		B3AD441F2887F17E00A9B59E /* Protocol */ = {
			isa = PBXGroup;
			children = (
				D2525A302887DC0F00078D1C /* ViewMainPageUsecase.swift */,
			);
			path = Protocol;
			sourceTree = "<group>";
		};
		B3F115BA2888F708001B498C /* FileManager */ = {
			isa = PBXGroup;
			children = (
				B3F115BE2888F7A1001B498C /* ImageCacheService.swift */,
				B3F115C02888F7D1001B498C /* FileCachedService.swift */,
			);
			path = FileManager;
			sourceTree = "<group>";
		};
		B3F149A0287AB6AD0072DA45 = {
			isa = PBXGroup;
			children = (
				B3F149C1287AB8930072DA45 /* .swiftlint.yml */,
				B3F149AB287AB6AD0072DA45 /* Czechgram */,
				B3F149AA287AB6AD0072DA45 /* Products */,
				0F6A4A5FE1EABF53BA93125F /* Pods */,
				1B3070B9D19A0FE84153FE49 /* Frameworks */,
			);
			sourceTree = "<group>";
		};
		B3F149AA287AB6AD0072DA45 /* Products */ = {
			isa = PBXGroup;
			children = (
				B3F149A9287AB6AD0072DA45 /* Czechgram.app */,
			);
			name = Products;
			sourceTree = "<group>";
		};
		B3F149AB287AB6AD0072DA45 /* Czechgram */ = {
			isa = PBXGroup;
			children = (
				D2623558287E97DB002F0610 /* Helper */,
				D2623555287E972E002F0610 /* PresentationLayer */,
				D2623556287E9745002F0610 /* DomainLayer */,
				D2623557287E9760002F0610 /* DataLayer */,
				D262353A287D15EA002F0610 /* Extension + */,
				B3F149AC287AB6AD0072DA45 /* AppDelegate.swift */,
				B3F149AE287AB6AD0072DA45 /* SceneDelegate.swift */,
				B3F149B5287AB6B60072DA45 /* Assets.xcassets */,
				B3F149B7287AB6B60072DA45 /* LaunchScreen.storyboard */,
				B3F149BA287AB6B60072DA45 /* Info.plist */,
			);
			path = Czechgram;
			sourceTree = "<group>";
		};
		B3F23FE9287D602500E06E85 /* Network */ = {
			isa = PBXGroup;
			children = (
				D2623553287D836C002F0610 /* EndPoint */,
				D2623546287D79B7002F0610 /* Service */,
			);
			path = Network;
			sourceTree = "<group>";
		};
		D24B348B2886A23000F8243F /* LoginUsecase */ = {
			isa = PBXGroup;
			children = (
				D24B348F2886A2F200F8243F /* InstagramLoginUsecase.swift */,
				D24B348C2886A24F00F8243F /* Protocol */,
			);
			path = LoginUsecase;
			sourceTree = "<group>";
		};
		D24B348C2886A24F00F8243F /* Protocol */ = {
			isa = PBXGroup;
			children = (
				D24B348D2886A25D00F8243F /* OAuthLoginUsecase.swift */,
			);
			path = Protocol;
			sourceTree = "<group>";
		};
		D2525A262887D27300078D1C /* DTO */ = {
			isa = PBXGroup;
			children = (
				D2525A272887D2D100078D1C /* UserPageDTO.swift */,
				D2525A292887D3A400078D1C /* MediaDTO.swift */,
				D2525A2B2887D3EC00078D1C /* MediaPagingDTO.swift */,
				B3AD44202887F7BA00A9B59E /* MediaUrlDTO.swift */,
			);
			path = DTO;
			sourceTree = "<group>";
		};
		D2525A2D2887DBBB00078D1C /* ViewModel */ = {
			isa = PBXGroup;
			children = (
				D2525A2E2887DBC700078D1C /* HomeViewModel.swift */,
			);
			path = ViewModel;
			sourceTree = "<group>";
		};
		D2525A342887DC7800078D1C /* Repository */ = {
			isa = PBXGroup;
			children = (
				D2525A4E288E72E500078D1C /* ViewDefaultDetailPageRepository.swift */,
				D2525A382887DCB400078D1C /* ViewDefaultMainPageRepository.swift */,
				D2525A352887DC8000078D1C /* Protocol */,
			);
			path = Repository;
			sourceTree = "<group>";
		};
		D2525A352887DC8000078D1C /* Protocol */ = {
			isa = PBXGroup;
			children = (
				D2025154288F890400A279D5 /* ViewMainPageRepository.swift */,
				D2025155288F890400A279D5 /* ViewDetailPageRepository.swift */,
			);
			path = Protocol;
			sourceTree = "<group>";
		};
		D2525A3C2887E4B500078D1C /* Entity */ = {
			isa = PBXGroup;
			children = (
				D2525A3D2887E4C100078D1C /* UserPageEntity.swift */,
				D2525A3F2887E50A00078D1C /* MediaEntity.swift */,
				D2525A412887E7E600078D1C /* MediaImageEntity.swift */,
			);
			path = Entity;
			sourceTree = "<group>";
		};
		D2525A43288E667900078D1C /* ViewModel */ = {
			isa = PBXGroup;
			children = (
				D2525A44288E668500078D1C /* DetailViewModel.swift */,
			);
			path = ViewModel;
			sourceTree = "<group>";
		};
		D2525A46288E6FDF00078D1C /* DetailUsecase */ = {
			isa = PBXGroup;
			children = (
				D2525A4A288E70E800078D1C /* ViewDefaultDetailPageUsecase.swift */,
				D2525A47288E6FEE00078D1C /* Protocol */,
			);
			path = DetailUsecase;
			sourceTree = "<group>";
		};
		D2525A47288E6FEE00078D1C /* Protocol */ = {
			isa = PBXGroup;
			children = (
				D2525A48288E702C00078D1C /* ViewDetailPageUsecase.swift */,
			);
			path = Protocol;
			sourceTree = "<group>";
		};
		D2623538287D145A002F0610 /* DetailScene */ = {
			isa = PBXGroup;
			children = (
				D2525A43288E667900078D1C /* ViewModel */,
				D262353C287D165D002F0610 /* View */,
			);
			path = DetailScene;
			sourceTree = "<group>";
		};
		D2623539287D15D7002F0610 /* HomeScene */ = {
			isa = PBXGroup;
			children = (
				D2525A2D2887DBBB00078D1C /* ViewModel */,
				D262353B287D1626002F0610 /* View */,
			);
			path = HomeScene;
			sourceTree = "<group>";
		};
		D262353A287D15EA002F0610 /* Extension + */ = {
			isa = PBXGroup;
			children = (
				D262352C287C03DC002F0610 /* UIView +.swift */,
				D262353D287D17DA002F0610 /* UIStackView +.swift */,
			);
			path = "Extension +";
			sourceTree = "<group>";
		};
		D262353B287D1626002F0610 /* View */ = {
			isa = PBXGroup;
			children = (
				B37747DA287BBA0200E2599B /* HomeViewController.swift */,
				B37747DC287BBCC800E2599B /* HomeNavigationTitleView.swift */,
				B37747DE287BED7C00E2599B /* ProfileView.swift */,
				B37747E0287C146000E2599B /* PostCell.swift */,
			);
			path = View;
			sourceTree = "<group>";
		};
		D262353C287D165D002F0610 /* View */ = {
			isa = PBXGroup;
			children = (
				B3F149B0287AB6AD0072DA45 /* DetailViewController.swift */,
				D2623532287C1959002F0610 /* DetailView.swift */,
				D2623522287BC06B002F0610 /* DetailProfileSection.swift */,
				D262352A287C0203002F0610 /* DetailButtonSection.swift */,
				D262352E287C0D71002F0610 /* DetailDescriptionSection.swift */,
				D2623524287BD0D4002F0610 /* DetailCollectionViewCell.swift */,
				D2623526287BF572002F0610 /* CollectionViewDatasource.swift */,
			);
			path = View;
			sourceTree = "<group>";
		};
		D262353F287D601D002F0610 /* LoginScene */ = {
			isa = PBXGroup;
			children = (
				D2623545287D6DCF002F0610 /* ViewModel */,
				D2623542287D6DBD002F0610 /* View */,
			);
			path = LoginScene;
			sourceTree = "<group>";
		};
		D2623542287D6DBD002F0610 /* View */ = {
			isa = PBXGroup;
			children = (
				D2623540287D6049002F0610 /* LoginViewController.swift */,
			);
			path = View;
			sourceTree = "<group>";
		};
		D2623545287D6DCF002F0610 /* ViewModel */ = {
			isa = PBXGroup;
			children = (
				D2623543287D6DCC002F0610 /* LoginViewModel.swift */,
			);
			path = ViewModel;
			sourceTree = "<group>";
		};
		D2623546287D79B7002F0610 /* Service */ = {
			isa = PBXGroup;
			children = (
				D262354A287D7B02002F0610 /* NetworkService.swift */,
				D262354C287D7DF0002F0610 /* NetworkError.swift */,
				D2623550287D8183002F0610 /* Protocol */,
			);
			path = Service;
			sourceTree = "<group>";
		};
		D2623550287D8183002F0610 /* Protocol */ = {
			isa = PBXGroup;
			children = (
				D2623551287D8183002F0610 /* NetworkServiceable.swift */,
			);
			path = Protocol;
			sourceTree = "<group>";
		};
		D2623553287D836C002F0610 /* EndPoint */ = {
			isa = PBXGroup;
			children = (
				B3F23FEA287D607E00E06E85 /* Endpoint.swift */,
				B3F23FEE287D622800E06E85 /* HTTPMethod.swift */,
				D2623554287D8380002F0610 /* Protocol */,
			);
			path = EndPoint;
			sourceTree = "<group>";
		};
		D2623554287D8380002F0610 /* Protocol */ = {
			isa = PBXGroup;
			children = (
				B3F23FEC287D609200E06E85 /* Endpontable.swift */,
			);
			path = Protocol;
			sourceTree = "<group>";
		};
		D2623555287E972E002F0610 /* PresentationLayer */ = {
			isa = PBXGroup;
			children = (
				D262353F287D601D002F0610 /* LoginScene */,
				D2623539287D15D7002F0610 /* HomeScene */,
				D2623538287D145A002F0610 /* DetailScene */,
			);
			path = PresentationLayer;
			sourceTree = "<group>";
		};
		D2623556287E9745002F0610 /* DomainLayer */ = {
			isa = PBXGroup;
			children = (
				D24B348B2886A23000F8243F /* LoginUsecase */,
				B3AD441E2887F15F00A9B59E /* HomeUsecase */,
				D2525A46288E6FDF00078D1C /* DetailUsecase */,
				D2525A3C2887E4B500078D1C /* Entity */,
			);
			path = DomainLayer;
			sourceTree = "<group>";
		};
		D2623557287E9760002F0610 /* DataLayer */ = {
			isa = PBXGroup;
			children = (
				B3F115BA2888F708001B498C /* FileManager */,
				D2525A262887D27300078D1C /* DTO */,
				D2525A342887DC7800078D1C /* Repository */,
				B3F23FE9287D602500E06E85 /* Network */,
			);
			path = DataLayer;
			sourceTree = "<group>";
		};
		D2623558287E97DB002F0610 /* Helper */ = {
			isa = PBXGroup;
			children = (
				D2623559287E97F0002F0610 /* Observable.swift */,
				D2525A3A2887DE6100078D1C /* JSONConverter.swift */,
			);
			path = Helper;
			sourceTree = "<group>";
		};
/* End PBXGroup section */

/* Begin PBXNativeTarget section */
		B3F149A8287AB6AD0072DA45 /* Czechgram */ = {
			isa = PBXNativeTarget;
			buildConfigurationList = B3F149BD287AB6B60072DA45 /* Build configuration list for PBXNativeTarget "Czechgram" */;
			buildPhases = (
				0BCBB8B058E918A3FE39F6B2 /* [CP] Check Pods Manifest.lock */,
				B3F149A5287AB6AD0072DA45 /* Sources */,
				B3F149A6287AB6AD0072DA45 /* Frameworks */,
				B3F149A7287AB6AD0072DA45 /* Resources */,
				B3F149C0287AB7EC0072DA45 /* ShellScript */,
			);
			buildRules = (
			);
			dependencies = (
			);
			name = Czechgram;
			productName = Czechgram;
			productReference = B3F149A9287AB6AD0072DA45 /* Czechgram.app */;
			productType = "com.apple.product-type.application";
		};
/* End PBXNativeTarget section */

/* Begin PBXProject section */
		B3F149A1287AB6AD0072DA45 /* Project object */ = {
			isa = PBXProject;
			attributes = {
				BuildIndependentTargetsInParallel = 1;
				LastSwiftUpdateCheck = 1320;
				LastUpgradeCheck = 1320;
				TargetAttributes = {
					B3F149A8287AB6AD0072DA45 = {
						CreatedOnToolsVersion = 13.2.1;
					};
				};
			};
			buildConfigurationList = B3F149A4287AB6AD0072DA45 /* Build configuration list for PBXProject "Czechgram" */;
			compatibilityVersion = "Xcode 13.0";
			developmentRegion = en;
			hasScannedForEncodings = 0;
			knownRegions = (
				en,
				Base,
			);
			mainGroup = B3F149A0287AB6AD0072DA45;
			productRefGroup = B3F149AA287AB6AD0072DA45 /* Products */;
			projectDirPath = "";
			projectRoot = "";
			targets = (
				B3F149A8287AB6AD0072DA45 /* Czechgram */,
			);
		};
/* End PBXProject section */

/* Begin PBXResourcesBuildPhase section */
		B3F149A7287AB6AD0072DA45 /* Resources */ = {
			isa = PBXResourcesBuildPhase;
			buildActionMask = 2147483647;
			files = (
				B3F149C2287AB8930072DA45 /* .swiftlint.yml in Resources */,
				B3F149B9287AB6B60072DA45 /* LaunchScreen.storyboard in Resources */,
				B3F149B6287AB6B60072DA45 /* Assets.xcassets in Resources */,
			);
			runOnlyForDeploymentPostprocessing = 0;
		};
/* End PBXResourcesBuildPhase section */

/* Begin PBXShellScriptBuildPhase section */
		0BCBB8B058E918A3FE39F6B2 /* [CP] Check Pods Manifest.lock */ = {
			isa = PBXShellScriptBuildPhase;
			buildActionMask = 2147483647;
			files = (
			);
			inputFileListPaths = (
			);
			inputPaths = (
				"${PODS_PODFILE_DIR_PATH}/Podfile.lock",
				"${PODS_ROOT}/Manifest.lock",
			);
			name = "[CP] Check Pods Manifest.lock";
			outputFileListPaths = (
			);
			outputPaths = (
				"$(DERIVED_FILE_DIR)/Pods-Czechgram-checkManifestLockResult.txt",
			);
			runOnlyForDeploymentPostprocessing = 0;
			shellPath = /bin/sh;
			shellScript = "diff \"${PODS_PODFILE_DIR_PATH}/Podfile.lock\" \"${PODS_ROOT}/Manifest.lock\" > /dev/null\nif [ $? != 0 ] ; then\n    # print error to STDERR\n    echo \"error: The sandbox is not in sync with the Podfile.lock. Run 'pod install' or update your CocoaPods installation.\" >&2\n    exit 1\nfi\n# This output is used by Xcode 'outputs' to avoid re-running this script phase.\necho \"SUCCESS\" > \"${SCRIPT_OUTPUT_FILE_0}\"\n";
			showEnvVarsInLog = 0;
		};
		B3F149C0287AB7EC0072DA45 /* ShellScript */ = {
			isa = PBXShellScriptBuildPhase;
			buildActionMask = 2147483647;
			files = (
			);
			inputFileListPaths = (
			);
			inputPaths = (
			);
			outputFileListPaths = (
			);
			outputPaths = (
			);
			runOnlyForDeploymentPostprocessing = 0;
			shellPath = /bin/sh;
			shellScript = "${PODS_ROOT}/SwiftLint/swiftlint autocorrect\n";
		};
/* End PBXShellScriptBuildPhase section */

/* Begin PBXSourcesBuildPhase section */
		B3F149A5287AB6AD0072DA45 /* Sources */ = {
			isa = PBXSourcesBuildPhase;
			buildActionMask = 2147483647;
			files = (
				D24B348E2886A25D00F8243F /* OAuthLoginUsecase.swift in Sources */,
				D262355A287E97F0002F0610 /* Observable.swift in Sources */,
				B3F23FED287D609200E06E85 /* Endpontable.swift in Sources */,
				D2525A2F2887DBC700078D1C /* HomeViewModel.swift in Sources */,
				B37747E1287C146000E2599B /* PostCell.swift in Sources */,
				D262352B287C0203002F0610 /* DetailButtonSection.swift in Sources */,
				B3F149B1287AB6AD0072DA45 /* DetailViewController.swift in Sources */,
				D2525A2C2887D3EC00078D1C /* MediaPagingDTO.swift in Sources */,
				D2623523287BC06B002F0610 /* DetailProfileSection.swift in Sources */,
				D2623552287D8183002F0610 /* NetworkServiceable.swift in Sources */,
				D2525A4B288E70E800078D1C /* ViewDefaultDetailPageUsecase.swift in Sources */,
				D262354B287D7B02002F0610 /* NetworkService.swift in Sources */,
				D2025156288F890400A279D5 /* ViewMainPageRepository.swift in Sources */,
				D2623533287C1959002F0610 /* DetailView.swift in Sources */,
				D262352F287C0D71002F0610 /* DetailDescriptionSection.swift in Sources */,
				B3F149AD287AB6AD0072DA45 /* AppDelegate.swift in Sources */,
				D2025157288F890400A279D5 /* ViewDetailPageRepository.swift in Sources */,
				D262353E287D17DA002F0610 /* UIStackView +.swift in Sources */,
				D2525A402887E50A00078D1C /* MediaEntity.swift in Sources */,
				D2525A422887E7E600078D1C /* MediaImageEntity.swift in Sources */,
				D2525A332887DC3800078D1C /* ViewDefaultMainPageUsecase.swift in Sources */,
				D2623525287BD0D4002F0610 /* DetailCollectionViewCell.swift in Sources */,
				D2525A312887DC0F00078D1C /* ViewMainPageUsecase.swift in Sources */,
				D262352D287C03DC002F0610 /* UIView +.swift in Sources */,
				B3F115BF2888F7A1001B498C /* ImageCacheService.swift in Sources */,
				B3AD44212887F7BA00A9B59E /* MediaUrlDTO.swift in Sources */,
				D2525A49288E702C00078D1C /* ViewDetailPageUsecase.swift in Sources */,
				B3F23FEB287D607E00E06E85 /* Endpoint.swift in Sources */,
				D2623527287BF572002F0610 /* CollectionViewDatasource.swift in Sources */,
				D2525A3E2887E4C100078D1C /* UserPageEntity.swift in Sources */,
				B3F149AF287AB6AD0072DA45 /* SceneDelegate.swift in Sources */,
				D24B34902886A2F200F8243F /* InstagramLoginUsecase.swift in Sources */,
				B3F23FEF287D622800E06E85 /* HTTPMethod.swift in Sources */,
				D2623544287D6DCC002F0610 /* LoginViewModel.swift in Sources */,
				D2525A45288E668500078D1C /* DetailViewModel.swift in Sources */,
				D2525A282887D2D100078D1C /* UserPageDTO.swift in Sources */,
				D2525A2A2887D3A400078D1C /* MediaDTO.swift in Sources */,
				D2623527287BF572002F0610 /* CollectionViewDatasource.swift in Sources */,
				D2525A392887DCB400078D1C /* ViewDefaultMainPageRepository.swift in Sources */,
				B3F149AF287AB6AD0072DA45 /* SceneDelegate.swift in Sources */,
				D2525A3B2887DE6100078D1C /* JSONConverter.swift in Sources */,
				D2525A4F288E72E500078D1C /* ViewDefaultDetailPageRepository.swift in Sources */,
				D2623541287D6049002F0610 /* LoginViewController.swift in Sources */,
				B3F115C12888F7D1001B498C /* FileCachedService.swift in Sources */,
				B37747DB287BBA0200E2599B /* HomeViewController.swift in Sources */,
				D262354D287D7DF0002F0610 /* NetworkError.swift in Sources */,
				B37747DF287BED7D00E2599B /* ProfileView.swift in Sources */,
				B37747DD287BBCC800E2599B /* HomeNavigationTitleView.swift in Sources */,
			);
			runOnlyForDeploymentPostprocessing = 0;
		};
/* End PBXSourcesBuildPhase section */

/* Begin PBXVariantGroup section */
		B3F149B7287AB6B60072DA45 /* LaunchScreen.storyboard */ = {
			isa = PBXVariantGroup;
			children = (
				B3F149B8287AB6B60072DA45 /* Base */,
			);
			name = LaunchScreen.storyboard;
			sourceTree = "<group>";
		};
/* End PBXVariantGroup section */

/* Begin XCBuildConfiguration section */
		B3F149BB287AB6B60072DA45 /* Debug */ = {
			isa = XCBuildConfiguration;
			buildSettings = {
				ALWAYS_SEARCH_USER_PATHS = NO;
				CLANG_ANALYZER_NONNULL = YES;
				CLANG_ANALYZER_NUMBER_OBJECT_CONVERSION = YES_AGGRESSIVE;
				CLANG_CXX_LANGUAGE_STANDARD = "gnu++17";
				CLANG_CXX_LIBRARY = "libc++";
				CLANG_ENABLE_MODULES = YES;
				CLANG_ENABLE_OBJC_ARC = YES;
				CLANG_ENABLE_OBJC_WEAK = YES;
				CLANG_WARN_BLOCK_CAPTURE_AUTORELEASING = YES;
				CLANG_WARN_BOOL_CONVERSION = YES;
				CLANG_WARN_COMMA = YES;
				CLANG_WARN_CONSTANT_CONVERSION = YES;
				CLANG_WARN_DEPRECATED_OBJC_IMPLEMENTATIONS = YES;
				CLANG_WARN_DIRECT_OBJC_ISA_USAGE = YES_ERROR;
				CLANG_WARN_DOCUMENTATION_COMMENTS = YES;
				CLANG_WARN_EMPTY_BODY = YES;
				CLANG_WARN_ENUM_CONVERSION = YES;
				CLANG_WARN_INFINITE_RECURSION = YES;
				CLANG_WARN_INT_CONVERSION = YES;
				CLANG_WARN_NON_LITERAL_NULL_CONVERSION = YES;
				CLANG_WARN_OBJC_IMPLICIT_RETAIN_SELF = YES;
				CLANG_WARN_OBJC_LITERAL_CONVERSION = YES;
				CLANG_WARN_OBJC_ROOT_CLASS = YES_ERROR;
				CLANG_WARN_QUOTED_INCLUDE_IN_FRAMEWORK_HEADER = YES;
				CLANG_WARN_RANGE_LOOP_ANALYSIS = YES;
				CLANG_WARN_STRICT_PROTOTYPES = YES;
				CLANG_WARN_SUSPICIOUS_MOVE = YES;
				CLANG_WARN_UNGUARDED_AVAILABILITY = YES_AGGRESSIVE;
				CLANG_WARN_UNREACHABLE_CODE = YES;
				CLANG_WARN__DUPLICATE_METHOD_MATCH = YES;
				COPY_PHASE_STRIP = NO;
				DEBUG_INFORMATION_FORMAT = dwarf;
				ENABLE_STRICT_OBJC_MSGSEND = YES;
				ENABLE_TESTABILITY = YES;
				GCC_C_LANGUAGE_STANDARD = gnu11;
				GCC_DYNAMIC_NO_PIC = NO;
				GCC_NO_COMMON_BLOCKS = YES;
				GCC_OPTIMIZATION_LEVEL = 0;
				GCC_PREPROCESSOR_DEFINITIONS = (
					"DEBUG=1",
					"$(inherited)",
				);
				GCC_WARN_64_TO_32_BIT_CONVERSION = YES;
				GCC_WARN_ABOUT_RETURN_TYPE = YES_ERROR;
				GCC_WARN_UNDECLARED_SELECTOR = YES;
				GCC_WARN_UNINITIALIZED_AUTOS = YES_AGGRESSIVE;
				GCC_WARN_UNUSED_FUNCTION = YES;
				GCC_WARN_UNUSED_VARIABLE = YES;
				IPHONEOS_DEPLOYMENT_TARGET = 13.2;
				MTL_ENABLE_DEBUG_INFO = INCLUDE_SOURCE;
				MTL_FAST_MATH = YES;
				ONLY_ACTIVE_ARCH = YES;
				SDKROOT = iphoneos;
				SWIFT_ACTIVE_COMPILATION_CONDITIONS = DEBUG;
				SWIFT_OPTIMIZATION_LEVEL = "-Onone";
			};
			name = Debug;
		};
		B3F149BC287AB6B60072DA45 /* Release */ = {
			isa = XCBuildConfiguration;
			buildSettings = {
				ALWAYS_SEARCH_USER_PATHS = NO;
				CLANG_ANALYZER_NONNULL = YES;
				CLANG_ANALYZER_NUMBER_OBJECT_CONVERSION = YES_AGGRESSIVE;
				CLANG_CXX_LANGUAGE_STANDARD = "gnu++17";
				CLANG_CXX_LIBRARY = "libc++";
				CLANG_ENABLE_MODULES = YES;
				CLANG_ENABLE_OBJC_ARC = YES;
				CLANG_ENABLE_OBJC_WEAK = YES;
				CLANG_WARN_BLOCK_CAPTURE_AUTORELEASING = YES;
				CLANG_WARN_BOOL_CONVERSION = YES;
				CLANG_WARN_COMMA = YES;
				CLANG_WARN_CONSTANT_CONVERSION = YES;
				CLANG_WARN_DEPRECATED_OBJC_IMPLEMENTATIONS = YES;
				CLANG_WARN_DIRECT_OBJC_ISA_USAGE = YES_ERROR;
				CLANG_WARN_DOCUMENTATION_COMMENTS = YES;
				CLANG_WARN_EMPTY_BODY = YES;
				CLANG_WARN_ENUM_CONVERSION = YES;
				CLANG_WARN_INFINITE_RECURSION = YES;
				CLANG_WARN_INT_CONVERSION = YES;
				CLANG_WARN_NON_LITERAL_NULL_CONVERSION = YES;
				CLANG_WARN_OBJC_IMPLICIT_RETAIN_SELF = YES;
				CLANG_WARN_OBJC_LITERAL_CONVERSION = YES;
				CLANG_WARN_OBJC_ROOT_CLASS = YES_ERROR;
				CLANG_WARN_QUOTED_INCLUDE_IN_FRAMEWORK_HEADER = YES;
				CLANG_WARN_RANGE_LOOP_ANALYSIS = YES;
				CLANG_WARN_STRICT_PROTOTYPES = YES;
				CLANG_WARN_SUSPICIOUS_MOVE = YES;
				CLANG_WARN_UNGUARDED_AVAILABILITY = YES_AGGRESSIVE;
				CLANG_WARN_UNREACHABLE_CODE = YES;
				CLANG_WARN__DUPLICATE_METHOD_MATCH = YES;
				COPY_PHASE_STRIP = NO;
				DEBUG_INFORMATION_FORMAT = "dwarf-with-dsym";
				ENABLE_NS_ASSERTIONS = NO;
				ENABLE_STRICT_OBJC_MSGSEND = YES;
				GCC_C_LANGUAGE_STANDARD = gnu11;
				GCC_NO_COMMON_BLOCKS = YES;
				GCC_WARN_64_TO_32_BIT_CONVERSION = YES;
				GCC_WARN_ABOUT_RETURN_TYPE = YES_ERROR;
				GCC_WARN_UNDECLARED_SELECTOR = YES;
				GCC_WARN_UNINITIALIZED_AUTOS = YES_AGGRESSIVE;
				GCC_WARN_UNUSED_FUNCTION = YES;
				GCC_WARN_UNUSED_VARIABLE = YES;
				IPHONEOS_DEPLOYMENT_TARGET = 13.2;
				MTL_ENABLE_DEBUG_INFO = NO;
				MTL_FAST_MATH = YES;
				SDKROOT = iphoneos;
				SWIFT_COMPILATION_MODE = wholemodule;
				SWIFT_OPTIMIZATION_LEVEL = "-O";
				VALIDATE_PRODUCT = YES;
			};
			name = Release;
		};
		B3F149BE287AB6B60072DA45 /* Debug */ = {
			isa = XCBuildConfiguration;
			baseConfigurationReference = 2C1CA1BA3CAEE782D8C6E777 /* Pods-Czechgram.debug.xcconfig */;
			buildSettings = {
				ASSETCATALOG_COMPILER_APPICON_NAME = AppIcon;
				ASSETCATALOG_COMPILER_GLOBAL_ACCENT_COLOR_NAME = AccentColor;
				CODE_SIGN_STYLE = Automatic;
				CURRENT_PROJECT_VERSION = 1;
				DEVELOPMENT_TEAM = B3PWYBKFUK;
				GENERATE_INFOPLIST_FILE = YES;
				INFOPLIST_FILE = Czechgram/Info.plist;
				INFOPLIST_KEY_UIApplicationSupportsIndirectInputEvents = YES;
				INFOPLIST_KEY_UILaunchStoryboardName = LaunchScreen;
				INFOPLIST_KEY_UISupportedInterfaceOrientations_iPad = "UIInterfaceOrientationPortrait UIInterfaceOrientationPortraitUpsideDown UIInterfaceOrientationLandscapeLeft UIInterfaceOrientationLandscapeRight";
				INFOPLIST_KEY_UISupportedInterfaceOrientations_iPhone = "UIInterfaceOrientationPortrait UIInterfaceOrientationLandscapeLeft UIInterfaceOrientationLandscapeRight";
				LD_RUNPATH_SEARCH_PATHS = (
					"$(inherited)",
					"@executable_path/Frameworks",
				);
				MARKETING_VERSION = 1.0;
				PRODUCT_BUNDLE_IDENTIFIER = com.checo.Czechgram;
				PRODUCT_NAME = "$(TARGET_NAME)";
				SWIFT_EMIT_LOC_STRINGS = YES;
				SWIFT_VERSION = 5.0;
				TARGETED_DEVICE_FAMILY = "1,2";
			};
			name = Debug;
		};
		B3F149BF287AB6B60072DA45 /* Release */ = {
			isa = XCBuildConfiguration;
			baseConfigurationReference = D4D04BDAB99B9DD95911428E /* Pods-Czechgram.release.xcconfig */;
			buildSettings = {
				ASSETCATALOG_COMPILER_APPICON_NAME = AppIcon;
				ASSETCATALOG_COMPILER_GLOBAL_ACCENT_COLOR_NAME = AccentColor;
				CODE_SIGN_STYLE = Automatic;
				CURRENT_PROJECT_VERSION = 1;
				DEVELOPMENT_TEAM = B3PWYBKFUK;
				GENERATE_INFOPLIST_FILE = YES;
				INFOPLIST_FILE = Czechgram/Info.plist;
				INFOPLIST_KEY_UIApplicationSupportsIndirectInputEvents = YES;
				INFOPLIST_KEY_UILaunchStoryboardName = LaunchScreen;
				INFOPLIST_KEY_UISupportedInterfaceOrientations_iPad = "UIInterfaceOrientationPortrait UIInterfaceOrientationPortraitUpsideDown UIInterfaceOrientationLandscapeLeft UIInterfaceOrientationLandscapeRight";
				INFOPLIST_KEY_UISupportedInterfaceOrientations_iPhone = "UIInterfaceOrientationPortrait UIInterfaceOrientationLandscapeLeft UIInterfaceOrientationLandscapeRight";
				LD_RUNPATH_SEARCH_PATHS = (
					"$(inherited)",
					"@executable_path/Frameworks",
				);
				MARKETING_VERSION = 1.0;
				PRODUCT_BUNDLE_IDENTIFIER = com.checo.Czechgram;
				PRODUCT_NAME = "$(TARGET_NAME)";
				SWIFT_EMIT_LOC_STRINGS = YES;
				SWIFT_VERSION = 5.0;
				TARGETED_DEVICE_FAMILY = "1,2";
			};
			name = Release;
		};
/* End XCBuildConfiguration section */

/* Begin XCConfigurationList section */
		B3F149A4287AB6AD0072DA45 /* Build configuration list for PBXProject "Czechgram" */ = {
			isa = XCConfigurationList;
			buildConfigurations = (
				B3F149BB287AB6B60072DA45 /* Debug */,
				B3F149BC287AB6B60072DA45 /* Release */,
			);
			defaultConfigurationIsVisible = 0;
			defaultConfigurationName = Release;
		};
		B3F149BD287AB6B60072DA45 /* Build configuration list for PBXNativeTarget "Czechgram" */ = {
			isa = XCConfigurationList;
			buildConfigurations = (
				B3F149BE287AB6B60072DA45 /* Debug */,
				B3F149BF287AB6B60072DA45 /* Release */,
			);
			defaultConfigurationIsVisible = 0;
			defaultConfigurationName = Release;
		};
/* End XCConfigurationList section */
	};
	rootObject = B3F149A1287AB6AD0072DA45 /* Project object */;
}
